
Microsoft Visual Studio Solution File, Format Version 12.00
# Visual Studio Version 16
VisualStudioVersion = 16.0.30709.132
MinimumVisualStudioVersion = 10.0.40219.1
Project("{6EC3EE1D-3C4E-46DD-8F32-0CC8E7565705}") = "Somnifero", "Somnifero.fsproj", "{1C4E61C5-52E2-4A2D-971C-9E076EE2EAC0}"
EndProject
Global
	GlobalSection(SolutionConfigurationPlatforms) = preSolution
		Debug|Any CPU = Debug|Any CPU
		Release|Any CPU = Release|Any CPU
	EndGlobalSection
	GlobalSection(ProjectConfigurationPlatforms) = postSolution
		{1C4E61C5-52E2-4A2D-971C-9E076EE2EAC0}.Debug|Any CPU.ActiveCfg = Debug|Any CPU
		{1C4E61C5-52E2-4A2D-971C-9E076EE2EAC0}.Debug|Any CPU.Build.0 = Debug|Any CPU
		{1C4E61C5-52E2-4A2D-971C-9E076EE2EAC0}.Release|Any CPU.ActiveCfg = Release|Any CPU
		{1C4E61C5-52E2-4A2D-971C-9E076EE2EAC0}.Release|Any CPU.Build.0 = Release|Any CPU
	EndGlobalSection
	GlobalSection(SolutionProperties) = preSolution
		HideSolutionNode = FALSE
	EndGlobalSection
	GlobalSection(ExtensibilityGlobals) = postSolution
		SolutionGuid = {54CB1EB9-9B35-42BE-9F91-B35B36F8C5CF}
	EndGlobalSection
EndGlobal
